{
  "name": "design-tokens-demo",
  "version": "1.0.0",
  "lockfileVersion": 3,
  "requires": true,
  "packages": {
    "": {
      "name": "design-tokens-demo",
      "version": "1.0.0",
      "license": "MIT",
      "devDependencies": {
        "figmagic": "^4.5.13"
      }
    },
    "node_modules/figmagic": {
      "version": "4.5.13",
      "resolved": "https://registry.npmjs.org/figmagic/-/figmagic-4.5.13.tgz",
      "integrity": "sha512-ko71j3n7r7XHyl/qSLDdWqzZ+wSc9tSaXwf6wfksIqyKofPkqMObcnE+BnzxD823ND2e9pgENUk7tVhTRvOppg==",
      "dev": true,
      "bin": {
        "figmagic": "build/index.js"
      }
    }
  }
}
